// !$*UTF8*$!
{
	archiveVersion = 1;
	classes = {
	};
	objectVersion = 50;
	objects = {

/* Begin PBXBuildFile section */
		E66CA9BB24401A9C00EF59D0 /* AppDelegate.swift in Sources */ = {isa = PBXBuildFile; fileRef = E66CA9BA24401A9C00EF59D0 /* AppDelegate.swift */; };
		E66CA9BD24401A9C00EF59D0 /* SceneDelegate.swift in Sources */ = {isa = PBXBuildFile; fileRef = E66CA9BC24401A9C00EF59D0 /* SceneDelegate.swift */; };
		E66CA9BF24401A9C00EF59D0 /* ViewController.swift in Sources */ = {isa = PBXBuildFile; fileRef = E66CA9BE24401A9C00EF59D0 /* ViewController.swift */; };
		E66CA9C224401A9C00EF59D0 /* Main.storyboard in Resources */ = {isa = PBXBuildFile; fileRef = E66CA9C024401A9C00EF59D0 /* Main.storyboard */; };
		E66CA9C424401A9E00EF59D0 /* Assets.xcassets in Resources */ = {isa = PBXBuildFile; fileRef = E66CA9C324401A9E00EF59D0 /* Assets.xcassets */; };
		E66CA9C724401A9E00EF59D0 /* LaunchScreen.storyboard in Resources */ = {isa = PBXBuildFile; fileRef = E66CA9C524401A9E00EF59D0 /* LaunchScreen.storyboard */; };
/* End PBXBuildFile section */

/* Begin PBXFileReference section */
		E66CA9B724401A9C00EF59D0 /* Combine Examples.app */ = {isa = PBXFileReference; explicitFileType = wrapper.application; includeInIndex = 0; path = "Combine Examples.app"; sourceTree = BUILT_PRODUCTS_DIR; };
		E66CA9BA24401A9C00EF59D0 /* AppDelegate.swift */ = {isa = PBXFileReference; lastKnownFileType = sourcecode.swift; path = AppDelegate.swift; sourceTree = "<group>"; };
		E66CA9BC24401A9C00EF59D0 /* SceneDelegate.swift */ = {isa = PBXFileReference; lastKnownFileType = sourcecode.swift; path = SceneDelegate.swift; sourceTree = "<group>"; };
		E66CA9BE24401A9C00EF59D0 /* ViewController.swift */ = {isa = PBXFileReference; lastKnownFileType = sourcecode.swift; path = ViewController.swift; sourceTree = "<group>"; };
		E66CA9C124401A9C00EF59D0 /* Base */ = {isa = PBXFileReference; lastKnownFileType = file.storyboard; name = Base; path = Base.lproj/Main.storyboard; sourceTree = "<group>"; };
		E66CA9C324401A9E00EF59D0 /* Assets.xcassets */ = {isa = PBXFileReference; lastKnownFileType = folder.assetcatalog; path = Assets.xcassets; sourceTree = "<group>"; };
		E66CA9C624401A9E00EF59D0 /* Base */ = {isa = PBXFileReference; lastKnownFileType = file.storyboard; name = Base; path = Base.lproj/LaunchScreen.storyboard; sourceTree = "<group>"; };
		E66CA9C824401A9E00EF59D0 /* Info.plist */ = {isa = PBXFileReference; lastKnownFileType = text.plist.xml; path = Info.plist; sourceTree = "<group>"; };
/* End PBXFileReference section */

/* Begin PBXFrameworksBuildPhase section */
		E66CA9B424401A9C00EF59D0 /* Frameworks */ = {
			isa = PBXFrameworksBuildPhase;
			buildActionMask = 2147483647;
			files = (
			);
			runOnlyForDeploymentPostprocessing = 0;
		};
/* End PBXFrameworksBuildPhase section */

/* Begin PBXGroup section */
		E66CA9AE24401A9C00EF59D0 = {
			isa = PBXGroup;
			children = (
				E66CA9B924401A9C00EF59D0 /* Combine Examples */,
				E66CA9B824401A9C00EF59D0 /* Products */,
			);
			sourceTree = "<group>";
		};
		E66CA9B824401A9C00EF59D0 /* Products */ = {
			isa = PBXGroup;
			children = (
				E66CA9B724401A9C00EF59D0 /* Combine Examples.app */,
			);
			name = Products;
			sourceTree = "<group>";
		};
		E66CA9B924401A9C00EF59D0 /* Combine Examples */ = {
			isa = PBXGroup;
			children = (
				E66CA9BA24401A9C00EF59D0 /* AppDelegate.swift */,
				E66CA9BC24401A9C00EF59D0 /* SceneDelegate.swift */,
				E66CA9BE24401A9C00EF59D0 /* ViewController.swift */,
				E66CA9C024401A9C00EF59D0 /* Main.storyboard */,
				E66CA9C324401A9E00EF59D0 /* Assets.xcassets */,
				E66CA9C524401A9E00EF59D0 /* LaunchScreen.storyboard */,
				E66CA9C824401A9E00EF59D0 /* Info.plist */,
			);
			path = "Combine Examples";
			sourceTree = "<group>";
		};
/* End PBXGroup section */

/* Begin PBXNativeTarget section */
		E66CA9B624401A9C00EF59D0 /* Combine Examples */ = {
			isa = PBXNativeTarget;
			buildConfigurationList = E66CA9CB24401A9E00EF59D0 /* Build configuration list for PBXNativeTarget "Combine Examples" */;
			buildPhases = (
				E66CA9B324401A9C00EF59D0 /* Sources */,
				E66CA9B424401A9C00EF59D0 /* Frameworks */,
				E66CA9B524401A9C00EF59D0 /* Resources */,
			);
			buildRules = (
			);
			dependencies = (
			);
			name = "Combine Examples";
			productName = "Combine Examples";
			productReference = E66CA9B724401A9C00EF59D0 /* Combine Examples.app */;
			productType = "com.apple.product-type.application";
		};
/* End PBXNativeTarget section */

/* Begin PBXProject section */
		E66CA9AF24401A9C00EF59D0 /* Project object */ = {
			isa = PBXProject;
			attributes = {
				LastSwiftUpdateCheck = 1110;
				LastUpgradeCheck = 1110;
				ORGANIZATIONNAME = "Eli Pacheco Hoyos";
				TargetAttributes = {
					E66CA9B624401A9C00EF59D0 = {
						CreatedOnToolsVersion = 11.1;
					};
				};
			};
			buildConfigurationList = E66CA9B224401A9C00EF59D0 /* Build configuration list for PBXProject "Combine Examples" */;
			compatibilityVersion = "Xcode 9.3";
			developmentRegion = en;
			hasScannedForEncodings = 0;
			knownRegions = (
				en,
				Base,
			);
			mainGroup = E66CA9AE24401A9C00EF59D0;
			productRefGroup = E66CA9B824401A9C00EF59D0 /* Products */;
			projectDirPath = "";
			projectRoot = "";
			targets = (
				E66CA9B624401A9C00EF59D0 /* Combine Examples */,
			);
		};
/* End PBXProject section */

/* Begin PBXResourcesBuildPhase section */
		E66CA9B524401A9C00EF59D0 /* Resources */ = {
			isa = PBXResourcesBuildPhase;
			buildActionMask = 2147483647;
			files = (
				E66CA9C724401A9E00EF59D0 /* LaunchScreen.storyboard in Resources */,
				E66CA9C424401A9E00EF59D0 /* Assets.xcassets in Resources */,
				E66CA9C224401A9C00EF59D0 /* Main.storyboard in Resources */,
			);
			runOnlyForDeploymentPostprocessing = 0;
		};
/* End PBXResourcesBuildPhase section */

/* Begin PBXSourcesBuildPhase section */
		E66CA9B324401A9C00EF59D0 /* Sources */ = {
			isa = PBXSourcesBuildPhase;
			buildActionMask = 2147483647;
			files = (
				E66CA9BF24401A9C00EF59D0 /* ViewController.swift in Sources */,
				E66CA9BB24401A9C00EF59D0 /* AppDelegate.swift in Sources */,
				E66CA9BD24401A9C00EF59D0 /* SceneDelegate.swift in Sources */,
			);
			runOnlyForDeploymentPostprocessing = 0;
		};
/* End PBXSourcesBuildPhase section */

/* Begin PBXVariantGroup section */
		E66CA9C024401A9C00EF59D0 /* Main.storyboard */ = {
			isa = PBXVariantGroup;
			children = (
				E66CA9C124401A9C00EF59D0 /* Base */,
			);
			name = Main.storyboard;
			sourceTree = "<group>";
		};
		E66CA9C524401A9E00EF59D0 /* LaunchScreen.storyboard */ = {
			isa = PBXVariantGroup;
			children = (
				E66CA9C624401A9E00EF59D0 /* Base */,
			);
			name = LaunchScreen.storyboard;
			sourceTree = "<group>";
		};
/* End PBXVariantGroup section */

/* Begin XCBuildConfiguration section */
		E66CA9C924401A9E00EF59D0 /* Debug */ = {
			isa = XCBuildConfiguration;
			buildSettings = {
				ALWAYS_SEARCH_USER_PATHS = NO;
				CLANG_ANALYZER_NONNULL = YES;
				CLANG_ANALYZER_NUMBER_OBJECT_CONVERSION = YES_AGGRESSIVE;
				CLANG_CXX_LANGUAGE_STANDARD = "gnu++14";
				CLANG_CXX_LIBRARY = "libc++";
				CLANG_ENABLE_MODULES = YES;
				CLANG_ENABLE_OBJC_ARC = YES;
				CLANG_ENABLE_OBJC_WEAK = YES;
				CLANG_WARN_BLOCK_CAPTURE_AUTORELEASING = YES;
				CLANG_WARN_BOOL_CONVERSION = YES;
				CLANG_WARN_COMMA = YES;
				CLANG_WARN_CONSTANT_CONVERSION = YES;
				CLANG_WARN_DEPRECATED_OBJC_IMPLEMENTATIONS = YES;
				CLANG_WARN_DIRECT_OBJC_ISA_USAGE = YES_ERROR;
				CLANG_WARN_DOCUMENTATION_COMMENTS = YES;
				CLANG_WARN_EMPTY_BODY = YES;
				CLANG_WARN_ENUM_CONVERSION = YES;
				CLANG_WARN_INFINITE_RECURSION = YES;
				CLANG_WARN_INT_CONVERSION = YES;
				CLANG_WARN_NON_LITERAL_NULL_CONVERSION = YES;
				CLANG_WARN_OBJC_IMPLICIT_RETAIN_SELF = YES;
				CLANG_WARN_OBJC_LITERAL_CONVERSION = YES;
				CLANG_WARN_OBJC_ROOT_CLASS = YES_ERROR;
				CLANG_WARN_RANGE_LOOP_ANALYSIS = YES;
				CLANG_WARN_STRICT_PROTOTYPES = YES;
				CLANG_WARN_SUSPICIOUS_MOVE = YES;
				CLANG_WARN_UNGUARDED_AVAILABILITY = YES_AGGRESSIVE;
				CLANG_WARN_UNREACHABLE_CODE = YES;
				CLANG_WARN__DUPLICATE_METHOD_MATCH = YES;
				COPY_PHASE_STRIP = NO;
				DEBUG_INFORMATION_FORMAT = dwarf;
				ENABLE_STRICT_OBJC_MSGSEND = YES;
				ENABLE_TESTABILITY = YES;
				GCC_C_LANGUAGE_STANDARD = gnu11;
				GCC_DYNAMIC_NO_PIC = NO;
				GCC_NO_COMMON_BLOCKS = YES;
				GCC_OPTIMIZATION_LEVEL = 0;
				GCC_PREPROCESSOR_DEFINITIONS = (
					"DEBUG=1",
					"$(inherited)",
				);
				GCC_WARN_64_TO_32_BIT_CONVERSION = YES;
				GCC_WARN_ABOUT_RETURN_TYPE = YES_ERROR;
				GCC_WARN_UNDECLARED_SELECTOR = YES;
				GCC_WARN_UNINITIALIZED_AUTOS = YES_AGGRESSIVE;
				GCC_WARN_UNUSED_FUNCTION = YES;
				GCC_WARN_UNUSED_VARIABLE = YES;
				IPHONEOS_DEPLOYMENT_TARGET = 13.1;
				MTL_ENABLE_DEBUG_INFO = INCLUDE_SOURCE;
				MTL_FAST_MATH = YES;
				ONLY_ACTIVE_ARCH = YES;
				SDKROOT = iphoneos;
				SWIFT_ACTIVE_COMPILATION_CONDITIONS = DEBUG;
				SWIFT_OPTIMIZATION_LEVEL = "-Onone";
			};
			name = Debug;
		};
		E66CA9CA24401A9E00EF59D0 /* Release */ = {
			isa = XCBuildConfiguration;
			buildSettings = {
				ALWAYS_SEARCH_USER_PATHS = NO;
				CLANG_ANALYZER_NONNULL = YES;
				CLANG_ANALYZER_NUMBER_OBJECT_CONVERSION = YES_AGGRESSIVE;
				CLANG_CXX_LANGUAGE_STANDARD = "gnu++14";
				CLANG_CXX_LIBRARY = "libc++";
				CLANG_ENABLE_MODULES = YES;
				CLANG_ENABLE_OBJC_ARC = YES;
				CLANG_ENABLE_OBJC_WEAK = YES;
				CLANG_WARN_BLOCK_CAPTURE_AUTORELEASING = YES;
				CLANG_WARN_BOOL_CONVERSION = YES;
				CLANG_WARN_COMMA = YES;
				CLANG_WARN_CONSTANT_CONVERSION = YES;
				CLANG_WARN_DEPRECATED_OBJC_IMPLEMENTATIONS = YES;
				CLANG_WARN_DIRECT_OBJC_ISA_USAGE = YES_ERROR;
				CLANG_WARN_DOCUMENTATION_COMMENTS = YES;
				CLANG_WARN_EMPTY_BODY = YES;
				CLANG_WARN_ENUM_CONVERSION = YES;
				CLANG_WARN_INFINITE_RECURSION = YES;
				CLANG_WARN_INT_CONVERSION = YES;
				CLANG_WARN_NON_LITERAL_NULL_CONVERSION = YES;
				CLANG_WARN_OBJC_IMPLICIT_RETAIN_SELF = YES;
				CLANG_WARN_OBJC_LITERAL_CONVERSION = YES;
				CLANG_WARN_OBJC_ROOT_CLASS = YES_ERROR;
				CLANG_WARN_RANGE_LOOP_ANALYSIS = YES;
				CLANG_WARN_STRICT_PROTOTYPES = YES;
				CLANG_WARN_SUSPICIOUS_MOVE = YES;
				CLANG_WARN_UNGUARDED_AVAILABILITY = YES_AGGRESSIVE;
				CLANG_WARN_UNREACHABLE_CODE = YES;
				CLANG_WARN__DUPLICATE_METHOD_MATCH = YES;
				COPY_PHASE_STRIP = NO;
				DEBUG_INFORMATION_FORMAT = "dwarf-with-dsym";
				ENABLE_NS_ASSERTIONS = NO;
				ENABLE_STRICT_OBJC_MSGSEND = YES;
				GCC_C_LANGUAGE_STANDARD = gnu11;
				GCC_NO_COMMON_BLOCKS = YES;
				GCC_WARN_64_TO_32_BIT_CONVERSION = YES;
				GCC_WARN_ABOUT_RETURN_TYPE = YES_ERROR;
				GCC_WARN_UNDECLARED_SELECTOR = YES;
				GCC_WARN_UNINITIALIZED_AUTOS = YES_AGGRESSIVE;
				GCC_WARN_UNUSED_FUNCTION = YES;
				GCC_WARN_UNUSED_VARIABLE = YES;
				IPHONEOS_DEPLOYMENT_TARGET = 13.1;
				MTL_ENABLE_DEBUG_INFO = NO;
				MTL_FAST_MATH = YES;
				SDKROOT = iphoneos;
				SWIFT_COMPILATION_MODE = wholemodule;
				SWIFT_OPTIMIZATION_LEVEL = "-O";
				VALIDATE_PRODUCT = YES;
			};
			name = Release;
		};
		E66CA9CC24401A9E00EF59D0 /* Debug */ = {
			isa = XCBuildConfiguration;
			buildSettings = {
				ASSETCATALOG_COMPILER_APPICON_NAME = AppIcon;
				CODE_SIGN_STYLE = Automatic;
				INFOPLIST_FILE = "Combine Examples/Info.plist";
				LD_RUNPATH_SEARCH_PATHS = (
					"$(inherited)",
					"@executable_path/Frameworks",
				);
				PRODUCT_BUNDLE_IDENTIFIER = "com.combine.example.Combine-Examples";
				PRODUCT_NAME = "$(TARGET_NAME)";
				SWIFT_VERSION = 5.0;
				TARGETED_DEVICE_FAMILY = "1,2";
			};
			name = Debug;
		};
		E66CA9CD24401A9E00EF59D0 /* Release */ = {
			isa = XCBuildConfiguration;
			buildSettings = {
				ASSETCATALOG_COMPILER_APPICON_NAME = AppIcon;
				CODE_SIGN_STYLE = Automatic;
				INFOPLIST_FILE = "Combine Examples/Info.plist";
				LD_RUNPATH_SEARCH_PATHS = (
					"$(inherited)",
					"@executable_path/Frameworks",
				);
				PRODUCT_BUNDLE_IDENTIFIER = "com.combine.example.Combine-Examples";
				PRODUCT_NAME = "$(TARGET_NAME)";
				SWIFT_VERSION = 5.0;
				TARGETED_DEVICE_FAMILY = "1,2";
			};
			name = Release;
		};
/* End XCBuildConfiguration section */

/* Begin XCConfigurationList section */
		E66CA9B224401A9C00EF59D0 /* Build configuration list for PBXProject "Combine Examples" */ = {
			isa = XCConfigurationList;
			buildConfigurations = (
				E66CA9C924401A9E00EF59D0 /* Debug */,
				E66CA9CA24401A9E00EF59D0 /* Release */,
			);
			defaultConfigurationIsVisible = 0;
			defaultConfigurationName = Release;
		};
		E66CA9CB24401A9E00EF59D0 /* Build configuration list for PBXNativeTarget "Combine Examples" */ = {
			isa = XCConfigurationList;
			buildConfigurations = (
				E66CA9CC24401A9E00EF59D0 /* Debug */,
				E66CA9CD24401A9E00EF59D0 /* Release */,
			);
			defaultConfigurationIsVisible = 0;
			defaultConfigurationName = Release;
		};
/* End XCConfigurationList section */
	};
	rootObject = E66CA9AF24401A9C00EF59D0 /* Project object */;
}
